// !$*UTF8*$!
{
	archiveVersion = 1;
	classes = {
	};
	objectVersion = 46;
	objects = {

/* Begin PBXBuildFile section */
		EEAE265D1EB439F500677E0C /* AppDelegate.swift in Sources */ = {isa = PBXBuildFile; fileRef = EEAE265C1EB439F500677E0C /* AppDelegate.swift */; };
		EEAE265F1EB439F500677E0C /* ViewController.swift in Sources */ = {isa = PBXBuildFile; fileRef = EEAE265E1EB439F500677E0C /* ViewController.swift */; };
		EEAE26621EB439F500677E0C /* Main.storyboard in Resources */ = {isa = PBXBuildFile; fileRef = EEAE26601EB439F500677E0C /* Main.storyboard */; };
		EEAE26641EB439F500677E0C /* Assets.xcassets in Resources */ = {isa = PBXBuildFile; fileRef = EEAE26631EB439F500677E0C /* Assets.xcassets */; };
		EEAE26671EB439F500677E0C /* LaunchScreen.storyboard in Resources */ = {isa = PBXBuildFile; fileRef = EEAE26651EB439F500677E0C /* LaunchScreen.storyboard */; };
/* End PBXBuildFile section */

/* Begin PBXFileReference section */
		EEAE26591EB439F500677E0C /* gradientapp.app */ = {isa = PBXFileReference; explicitFileType = wrapper.application; includeInIndex = 0; path = gradientapp.app; sourceTree = BUILT_PRODUCTS_DIR; };
		EEAE265C1EB439F500677E0C /* AppDelegate.swift */ = {isa = PBXFileReference; lastKnownFileType = sourcecode.swift; path = AppDelegate.swift; sourceTree = "<group>"; };
		EEAE265E1EB439F500677E0C /* ViewController.swift */ = {isa = PBXFileReference; lastKnownFileType = sourcecode.swift; path = ViewController.swift; sourceTree = "<group>"; };
		EEAE26611EB439F500677E0C /* Base */ = {isa = PBXFileReference; lastKnownFileType = file.storyboard; name = Base; path = Base.lproj/Main.storyboard; sourceTree = "<group>"; };
		EEAE26631EB439F500677E0C /* Assets.xcassets */ = {isa = PBXFileReference; lastKnownFileType = folder.assetcatalog; path = Assets.xcassets; sourceTree = "<group>"; };
		EEAE26661EB439F500677E0C /* Base */ = {isa = PBXFileReference; lastKnownFileType = file.storyboard; name = Base; path = Base.lproj/LaunchScreen.storyboard; sourceTree = "<group>"; };
		EEAE26681EB439F500677E0C /* Info.plist */ = {isa = PBXFileReference; lastKnownFileType = text.plist.xml; path = Info.plist; sourceTree = "<group>"; };
/* End PBXFileReference section */

/* Begin PBXFrameworksBuildPhase section */
		EEAE26561EB439F400677E0C /* Frameworks */ = {
			isa = PBXFrameworksBuildPhase;
			buildActionMask = 2147483647;
			files = (
			);
			runOnlyForDeploymentPostprocessing = 0;
		};
/* End PBXFrameworksBuildPhase section */

/* Begin PBXGroup section */
		EEAE26501EB439F400677E0C = {
			isa = PBXGroup;
			children = (
				EEAE265B1EB439F500677E0C /* gradientapp */,
				EEAE265A1EB439F500677E0C /* Products */,
			);
			sourceTree = "<group>";
		};
		EEAE265A1EB439F500677E0C /* Products */ = {
			isa = PBXGroup;
			children = (
				EEAE26591EB439F500677E0C /* gradientapp.app */,
			);
			name = Products;
			sourceTree = "<group>";
		};
		EEAE265B1EB439F500677E0C /* gradientapp */ = {
			isa = PBXGroup;
			children = (
				EEAE265C1EB439F500677E0C /* AppDelegate.swift */,
				EEAE265E1EB439F500677E0C /* ViewController.swift */,
				EEAE26601EB439F500677E0C /* Main.storyboard */,
				EEAE26631EB439F500677E0C /* Assets.xcassets */,
				EEAE26651EB439F500677E0C /* LaunchScreen.storyboard */,
				EEAE26681EB439F500677E0C /* Info.plist */,
			);
			path = gradientapp;
			sourceTree = "<group>";
		};
/* End PBXGroup section */

/* Begin PBXNativeTarget section */
		EEAE26581EB439F400677E0C /* gradientapp */ = {
			isa = PBXNativeTarget;
			buildConfigurationList = EEAE266B1EB439F500677E0C /* Build configuration list for PBXNativeTarget "gradientapp" */;
			buildPhases = (
				EEAE26551EB439F400677E0C /* Sources */,
				EEAE26561EB439F400677E0C /* Frameworks */,
				EEAE26571EB439F400677E0C /* Resources */,
			);
			buildRules = (
			);
			dependencies = (
			);
			name = gradientapp;
			productName = gradientapp;
			productReference = EEAE26591EB439F500677E0C /* gradientapp.app */;
			productType = "com.apple.product-type.application";
		};
/* End PBXNativeTarget section */

/* Begin PBXProject section */
		EEAE26511EB439F400677E0C /* Project object */ = {
			isa = PBXProject;
			attributes = {
				LastSwiftUpdateCheck = 0820;
				LastUpgradeCheck = 0820;
				ORGANIZATIONNAME = "Dilani Alwis";
				TargetAttributes = {
					EEAE26581EB439F400677E0C = {
						CreatedOnToolsVersion = 8.2.1;
						DevelopmentTeam = WF2Z2R5U2S;
						ProvisioningStyle = Automatic;
					};
				};
			};
			buildConfigurationList = EEAE26541EB439F400677E0C /* Build configuration list for PBXProject "gradientapp" */;
			compatibilityVersion = "Xcode 3.2";
			developmentRegion = English;
			hasScannedForEncodings = 0;
			knownRegions = (
				en,
				Base,
			);
			mainGroup = EEAE26501EB439F400677E0C;
			productRefGroup = EEAE265A1EB439F500677E0C /* Products */;
			projectDirPath = "";
			projectRoot = "";
			targets = (
				EEAE26581EB439F400677E0C /* gradientapp */,
			);
		};
/* End PBXProject section */

/* Begin PBXResourcesBuildPhase section */
		EEAE26571EB439F400677E0C /* Resources */ = {
			isa = PBXResourcesBuildPhase;
			buildActionMask = 2147483647;
			files = (
				EEAE26671EB439F500677E0C /* LaunchScreen.storyboard in Resources */,
				EEAE26641EB439F500677E0C /* Assets.xcassets in Resources */,
				EEAE26621EB439F500677E0C /* Main.storyboard in Resources */,
			);
			runOnlyForDeploymentPostprocessing = 0;
		};
/* End PBXResourcesBuildPhase section */

/* Begin PBXSourcesBuildPhase section */
		EEAE26551EB439F400677E0C /* Sources */ = {
			isa = PBXSourcesBuildPhase;
			buildActionMask = 2147483647;
			files = (
				EEAE265F1EB439F500677E0C /* ViewController.swift in Sources */,
				EEAE265D1EB439F500677E0C /* AppDelegate.swift in Sources */,
			);
			runOnlyForDeploymentPostprocessing = 0;
		};
/* End PBXSourcesBuildPhase section */

/* Begin PBXVariantGroup section */
		EEAE26601EB439F500677E0C /* Main.storyboard */ = {
			isa = PBXVariantGroup;
			children = (
				EEAE26611EB439F500677E0C /* Base */,
			);
			name = Main.storyboard;
			sourceTree = "<group>";
		};
		EEAE26651EB439F500677E0C /* LaunchScreen.storyboard */ = {
			isa = PBXVariantGroup;
			children = (
				EEAE26661EB439F500677E0C /* Base */,
			);
			name = LaunchScreen.storyboard;
			sourceTree = "<group>";
		};
/* End PBXVariantGroup section */

/* Begin XCBuildConfiguration section */
		EEAE26691EB439F500677E0C /* Debug */ = {
			isa = XCBuildConfiguration;
			buildSettings = {
				ALWAYS_SEARCH_USER_PATHS = NO;
				CLANG_ANALYZER_NONNULL = YES;
				CLANG_CXX_LANGUAGE_STANDARD = "gnu++0x";
				CLANG_CXX_LIBRARY = "libc++";
				CLANG_ENABLE_MODULES = YES;
				CLANG_ENABLE_OBJC_ARC = YES;
				CLANG_WARN_BOOL_CONVERSION = YES;
				CLANG_WARN_CONSTANT_CONVERSION = YES;
				CLANG_WARN_DIRECT_OBJC_ISA_USAGE = YES_ERROR;
				CLANG_WARN_DOCUMENTATION_COMMENTS = YES;
				CLANG_WARN_EMPTY_BODY = YES;
				CLANG_WARN_ENUM_CONVERSION = YES;
				CLANG_WARN_INFINITE_RECURSION = YES;
				CLANG_WARN_INT_CONVERSION = YES;
				CLANG_WARN_OBJC_ROOT_CLASS = YES_ERROR;
				CLANG_WARN_SUSPICIOUS_MOVE = YES;
				CLANG_WARN_UNREACHABLE_CODE = YES;
				CLANG_WARN__DUPLICATE_METHOD_MATCH = YES;
				"CODE_SIGN_IDENTITY[sdk=iphoneos*]" = "iPhone Developer";
				COPY_PHASE_STRIP = NO;
				DEBUG_INFORMATION_FORMAT = dwarf;
				ENABLE_STRICT_OBJC_MSGSEND = YES;
				ENABLE_TESTABILITY = YES;
				GCC_C_LANGUAGE_STANDARD = gnu99;
				GCC_DYNAMIC_NO_PIC = NO;
				GCC_NO_COMMON_BLOCKS = YES;
				GCC_OPTIMIZATION_LEVEL = 0;
				GCC_PREPROCESSOR_DEFINITIONS = (
					"DEBUG=1",
					"$(inherited)",
				);
				GCC_WARN_64_TO_32_BIT_CONVERSION = YES;
				GCC_WARN_ABOUT_RETURN_TYPE = YES_ERROR;
				GCC_WARN_UNDECLARED_SELECTOR = YES;
				GCC_WARN_UNINITIALIZED_AUTOS = YES_AGGRESSIVE;
				GCC_WARN_UNUSED_FUNCTION = YES;
				GCC_WARN_UNUSED_VARIABLE = YES;
				IPHONEOS_DEPLOYMENT_TARGET = 10.2;
				MTL_ENABLE_DEBUG_INFO = YES;
				ONLY_ACTIVE_ARCH = YES;
				SDKROOT = iphoneos;
				SWIFT_ACTIVE_COMPILATION_CONDITIONS = DEBUG;
				SWIFT_OPTIMIZATION_LEVEL = "-Onone";
			};
			name = Debug;
		};
		EEAE266A1EB439F500677E0C /* Release */ = {
			isa = XCBuildConfiguration;
			buildSettings = {
				ALWAYS_SEARCH_USER_PATHS = NO;
				CLANG_ANALYZER_NONNULL = YES;
				CLANG_CXX_LANGUAGE_STANDARD = "gnu++0x";
				CLANG_CXX_LIBRARY = "libc++";
				CLANG_ENABLE_MODULES = YES;
				CLANG_ENABLE_OBJC_ARC = YES;
				CLANG_WARN_BOOL_CONVERSION = YES;
				CLANG_WARN_CONSTANT_CONVERSION = YES;
				CLANG_WARN_DIRECT_OBJC_ISA_USAGE = YES_ERROR;
				CLANG_WARN_DOCUMENTATION_COMMENTS = YES;
				CLANG_WARN_EMPTY_BODY = YES;
				CLANG_WARN_ENUM_CONVERSION = YES;
				CLANG_WARN_INFINITE_RECURSION = YES;
				CLANG_WARN_INT_CONVERSION = YES;
				CLANG_WARN_OBJC_ROOT_CLASS = YES_ERROR;
				CLANG_WARN_SUSPICIOUS_MOVE = YES;
				CLANG_WARN_UNREACHABLE_CODE = YES;
				CLANG_WARN__DUPLICATE_METHOD_MATCH = YES;
				"CODE_SIGN_IDENTITY[sdk=iphoneos*]" = "iPhone Developer";
				COPY_PHASE_STRIP = NO;
				DEBUG_INFORMATION_FORMAT = "dwarf-with-dsym";
				ENABLE_NS_ASSERTIONS = NO;
				ENABLE_STRICT_OBJC_MSGSEND = YES;
				GCC_C_LANGUAGE_STANDARD = gnu99;
				GCC_NO_COMMON_BLOCKS = YES;
				GCC_WARN_64_TO_32_BIT_CONVERSION = YES;
				GCC_WARN_ABOUT_RETURN_TYPE = YES_ERROR;
				GCC_WARN_UNDECLARED_SELECTOR = YES;
				GCC_WARN_UNINITIALIZED_AUTOS = YES_AGGRESSIVE;
				GCC_WARN_UNUSED_FUNCTION = YES;
				GCC_WARN_UNUSED_VARIABLE = YES;
				IPHONEOS_DEPLOYMENT_TARGET = 10.2;
				MTL_ENABLE_DEBUG_INFO = NO;
				SDKROOT = iphoneos;
				SWIFT_OPTIMIZATION_LEVEL = "-Owholemodule";
				VALIDATE_PRODUCT = YES;
			};
			name = Release;
		};
		EEAE266C1EB439F500677E0C /* Debug */ = {
			isa = XCBuildConfiguration;
			buildSettings = {
				ASSETCATALOG_COMPILER_APPICON_NAME = AppIcon;
				DEVELOPMENT_TEAM = WF2Z2R5U2S;
				INFOPLIST_FILE = gradientapp/Info.plist;
				IPHONEOS_DEPLOYMENT_TARGET = 10.2;
				LD_RUNPATH_SEARCH_PATHS = "$(inherited) @executable_path/Frameworks";
				PRODUCT_BUNDLE_IDENTIFIER = com.dialwis.gradientapp;
				PRODUCT_NAME = "$(TARGET_NAME)";
				SWIFT_VERSION = 3.0;
			};
			name = Debug;
		};
		EEAE266D1EB439F500677E0C /* Release */ = {
			isa = XCBuildConfiguration;
			buildSettings = {
				ASSETCATALOG_COMPILER_APPICON_NAME = AppIcon;
				DEVELOPMENT_TEAM = WF2Z2R5U2S;
				INFOPLIST_FILE = gradientapp/Info.plist;
				IPHONEOS_DEPLOYMENT_TARGET = 10.2;
				LD_RUNPATH_SEARCH_PATHS = "$(inherited) @executable_path/Frameworks";
				PRODUCT_BUNDLE_IDENTIFIER = com.dialwis.gradientapp;
				PRODUCT_NAME = "$(TARGET_NAME)";
				SWIFT_VERSION = 3.0;
			};
			name = Release;
		};
/* End XCBuildConfiguration section */

/* Begin XCConfigurationList section */
		EEAE26541EB439F400677E0C /* Build configuration list for PBXProject "gradientapp" */ = {
			isa = XCConfigurationList;
			buildConfigurations = (
				EEAE26691EB439F500677E0C /* Debug */,
				EEAE266A1EB439F500677E0C /* Release */,
			);
			defaultConfigurationIsVisible = 0;
			defaultConfigurationName = Release;
		};
		EEAE266B1EB439F500677E0C /* Build configuration list for PBXNativeTarget "gradientapp" */ = {
			isa = XCConfigurationList;
			buildConfigurations = (
				EEAE266C1EB439F500677E0C /* Debug */,
				EEAE266D1EB439F500677E0C /* Release */,
			);
			defaultConfigurationIsVisible = 0;
			defaultConfigurationName = Release;
		};
/* End XCConfigurationList section */
	};
	rootObject = EEAE26511EB439F400677E0C /* Project object */;
}
